
Microsoft Visual Studio Solution File, Format Version 12.00
# Visual Studio 14
VisualStudioVersion = 14.0.23107.0
MinimumVisualStudioVersion = 10.0.40219.1
Project("{FAE04EC0-301F-11D3-BF4B-00C04F79EFBC}") = "CalcTest", "CalcTest\CalcTest.csproj", "{E279192A-2AAA-453A-8BBF-5B2980A3AB81}"
EndProject
Project("{FAE04EC0-301F-11D3-BF4B-00C04F79EFBC}") = "CalcLibrary", "CalcLibrary\CalcLibrary.csproj", "{7CD304ED-87B9-4A6E-AD11-558C88D9B85C}"
EndProject
Project("{FAE04EC0-301F-11D3-BF4B-00C04F79EFBC}") = "Console", "Console\Console.csproj", "{63A214CC-0BE8-470A-A487-3587D7986C8F}"
EndProject
Project("{FAE04EC0-301F-11D3-BF4B-00C04F79EFBC}") = "SuperCalc", "SuperCalc\SuperCalc.csproj", "{B111D7A5-7052-45E8-9229-9D72BB89D1CB}"
EndProject
Project("{FAE04EC0-301F-11D3-BF4B-00C04F79EFBC}") = "ExcelOperations", "ExcelOperations\ExcelOperations.csproj", "{7CD31EDD-334A-440F-BCD0-07285BF38E37}"
EndProject
Global
	GlobalSection(SolutionConfigurationPlatforms) = preSolution
		Debug|Any CPU = Debug|Any CPU
		Release|Any CPU = Release|Any CPU
	EndGlobalSection
	GlobalSection(ProjectConfigurationPlatforms) = postSolution
		{E279192A-2AAA-453A-8BBF-5B2980A3AB81}.Debug|Any CPU.ActiveCfg = Debug|Any CPU
		{E279192A-2AAA-453A-8BBF-5B2980A3AB81}.Debug|Any CPU.Build.0 = Debug|Any CPU
		{E279192A-2AAA-453A-8BBF-5B2980A3AB81}.Release|Any CPU.ActiveCfg = Release|Any CPU
		{E279192A-2AAA-453A-8BBF-5B2980A3AB81}.Release|Any CPU.Build.0 = Release|Any CPU
		{7CD304ED-87B9-4A6E-AD11-558C88D9B85C}.Debug|Any CPU.ActiveCfg = Debug|Any CPU
		{7CD304ED-87B9-4A6E-AD11-558C88D9B85C}.Debug|Any CPU.Build.0 = Debug|Any CPU
		{7CD304ED-87B9-4A6E-AD11-558C88D9B85C}.Release|Any CPU.ActiveCfg = Release|Any CPU
		{7CD304ED-87B9-4A6E-AD11-558C88D9B85C}.Release|Any CPU.Build.0 = Release|Any CPU
		{63A214CC-0BE8-470A-A487-3587D7986C8F}.Debug|Any CPU.ActiveCfg = Debug|Any CPU
		{63A214CC-0BE8-470A-A487-3587D7986C8F}.Debug|Any CPU.Build.0 = Debug|Any CPU
		{63A214CC-0BE8-470A-A487-3587D7986C8F}.Release|Any CPU.ActiveCfg = Release|Any CPU
		{63A214CC-0BE8-470A-A487-3587D7986C8F}.Release|Any CPU.Build.0 = Release|Any CPU
		{B111D7A5-7052-45E8-9229-9D72BB89D1CB}.Debug|Any CPU.ActiveCfg = Debug|Any CPU
		{B111D7A5-7052-45E8-9229-9D72BB89D1CB}.Debug|Any CPU.Build.0 = Debug|Any CPU
		{B111D7A5-7052-45E8-9229-9D72BB89D1CB}.Release|Any CPU.ActiveCfg = Release|Any CPU
		{B111D7A5-7052-45E8-9229-9D72BB89D1CB}.Release|Any CPU.Build.0 = Release|Any CPU
		{7CD31EDD-334A-440F-BCD0-07285BF38E37}.Debug|Any CPU.ActiveCfg = Debug|Any CPU
		{7CD31EDD-334A-440F-BCD0-07285BF38E37}.Debug|Any CPU.Build.0 = Debug|Any CPU
		{7CD31EDD-334A-440F-BCD0-07285BF38E37}.Release|Any CPU.ActiveCfg = Release|Any CPU
		{7CD31EDD-334A-440F-BCD0-07285BF38E37}.Release|Any CPU.Build.0 = Release|Any CPU
	EndGlobalSection
	GlobalSection(SolutionProperties) = preSolution
		HideSolutionNode = FALSE
	EndGlobalSection
EndGlobal
